
Microsoft Visual Studio Solution File, Format Version 12.00
# Visual Studio Version 17
VisualStudioVersion = 17.3.32819.101
MinimumVisualStudioVersion = 10.0.40219.1
Project("{2150E333-8FDC-42A3-9474-1A3956D46DE8}") = "src", "src", "{817A5218-08B3-4BBC-8423-3BC143C0D9C1}"
EndProject
Project("{2150E333-8FDC-42A3-9474-1A3956D46DE8}") = "ApiGateways", "ApiGateways", "{35D81127-B0B8-402F-8FF2-74C699B5A55E}"
EndProject
Project("{2150E333-8FDC-42A3-9474-1A3956D46DE8}") = "BuildingBlocks", "BuildingBlocks", "{476435E6-C3B5-49A9-BD20-869E8478DA1F}"
EndProject
Project("{2150E333-8FDC-42A3-9474-1A3956D46DE8}") = "Services", "Services", "{4BC9B20E-7AD8-49D9-BB6D-8613263026F6}"
EndProject
Project("{2150E333-8FDC-42A3-9474-1A3956D46DE8}") = "Clients", "Clients", "{C105DB00-D401-4D4B-A923-ECAD086DE9F5}"
EndProject
Project("{2150E333-8FDC-42A3-9474-1A3956D46DE8}") = "BlazorWebApp", "BlazorWebApp", "{672B2413-9B7F-4937-9784-064B3082DF35}"
EndProject
Project("{2150E333-8FDC-42A3-9474-1A3956D46DE8}") = "WebApiGateway", "WebApiGateway", "{0B133655-B24C-432E-B1F7-F13E9598D8B5}"
EndProject
Project("{9A19103F-16F7-4668-BE54-9A1E7A4F7556}") = "Web.ApiGateway", "src\ApiGateways\WebApiGateway\Web.ApiGateway\Web.ApiGateway.csproj", "{905A2DDA-455A-4042-9E2D-AD51C2A01106}"
EndProject
Project("{2150E333-8FDC-42A3-9474-1A3956D46DE8}") = "EventBus", "EventBus", "{FA9990D8-C79A-482F-B14F-EAB014EE7A7E}"
EndProject
Project("{9A19103F-16F7-4668-BE54-9A1E7A4F7556}") = "EventBus.Base", "src\BuildingBlocks\EventBus\EventBus.Base\EventBus.Base.csproj", "{6978DF98-CD64-4781-B7F6-C3F27ACF5C83}"
EndProject
Project("{9A19103F-16F7-4668-BE54-9A1E7A4F7556}") = "EventBus.Factory", "src\BuildingBlocks\EventBus\EventBus.Factory\EventBus.Factory.csproj", "{CE8F3831-3019-4640-BAE9-ADD341929E69}"
EndProject
Project("{9A19103F-16F7-4668-BE54-9A1E7A4F7556}") = "EventBus.AzureServiceBus", "src\BuildingBlocks\EventBus\EventBus.AzureServiceBus\EventBus.AzureServiceBus.csproj", "{2EC96405-6134-4569-8477-2F0686C2E3A1}"
EndProject
Project("{9A19103F-16F7-4668-BE54-9A1E7A4F7556}") = "EventBus.RabbitMQ", "src\BuildingBlocks\EventBus\EventBus.RabbitMQ\EventBus.RabbitMQ.csproj", "{953DECC4-2EC0-423A-84F8-04B54AEF14F3}"
EndProject
Project("{9A19103F-16F7-4668-BE54-9A1E7A4F7556}") = "WebApp", "src\Clients\BlazorWebApp\WebApp\WebApp.csproj", "{3BA1728E-A870-47BB-A311-D3CDFC08BFB5}"
EndProject
Project("{2150E333-8FDC-42A3-9474-1A3956D46DE8}") = "BasketService", "BasketService", "{ECE0B81D-0BAC-484D-B6F9-982638B82634}"
EndProject
Project("{9A19103F-16F7-4668-BE54-9A1E7A4F7556}") = "BasketService.Api", "src\Services\BasketService\BasketService.Api\BasketService.Api.csproj", "{FEAC2ADB-EBD2-4E86-9DF4-B30C1C691D76}"
EndProject
Project("{2150E333-8FDC-42A3-9474-1A3956D46DE8}") = "CatalogService", "CatalogService", "{3C7A1397-C0F3-40CB-95DB-52FC11B018E1}"
EndProject
Project("{9A19103F-16F7-4668-BE54-9A1E7A4F7556}") = "CatalogService.Api", "src\Services\CatalogService\CatalogService.Api\CatalogService.Api.csproj", "{0815FC4A-E996-45A4-94FA-A697FB67FF39}"
EndProject
Project("{2150E333-8FDC-42A3-9474-1A3956D46DE8}") = "IdentityService", "IdentityService", "{6670A16B-77E8-486B-AF9B-154E17876F91}"
EndProject
Project("{9A19103F-16F7-4668-BE54-9A1E7A4F7556}") = "IdentityService.Api", "src\Services\IdentityService\IdentityService.Api\IdentityService.Api.csproj", "{863403FF-BBEE-48F8-9CBF-9882ADBDAF64}"
EndProject
Project("{2150E333-8FDC-42A3-9474-1A3956D46DE8}") = "NotificationService", "NotificationService", "{96B8EF07-E249-4D22-925F-749C4A21FBD6}"
EndProject
Project("{9A19103F-16F7-4668-BE54-9A1E7A4F7556}") = "NotificationService.Console", "src\Services\NotificationService\NotificationService.Console\NotificationService.Console.csproj", "{EA2648E9-55BD-4509-9657-1FA3603CC90D}"
EndProject
Project("{2150E333-8FDC-42A3-9474-1A3956D46DE8}") = "OrderService", "OrderService", "{B45EFD8F-2088-4BB2-96F5-DED7F9E0B938}"
EndProject
Project("{9A19103F-16F7-4668-BE54-9A1E7A4F7556}") = "OrderService.Domain", "src\Services\OrderService\OrderService.Domain\OrderService.Domain.csproj", "{9DC7BE66-3DF5-4829-B40B-7E6851CC3BDF}"
EndProject
Project("{9A19103F-16F7-4668-BE54-9A1E7A4F7556}") = "OrderService.Application", "src\Services\OrderService\OrderService.Application\OrderService.Application.csproj", "{F45CE497-6EBD-41B7-BB02-271F7B420BC9}"
EndProject
Project("{9A19103F-16F7-4668-BE54-9A1E7A4F7556}") = "OrderService.Infrastructure", "src\Services\OrderService\OrderService.Infrastructure\OrderService.Infrastructure.csproj", "{CB67F3FE-91CC-461C-9D71-77052D6FF294}"
EndProject
Project("{9A19103F-16F7-4668-BE54-9A1E7A4F7556}") = "OrderService.Api", "src\Services\OrderService\OrderService.Api\OrderService.Api.csproj", "{08281A28-3E0B-4B25-BB77-250057FC79EC}"
EndProject
Project("{2150E333-8FDC-42A3-9474-1A3956D46DE8}") = "PaymentService", "PaymentService", "{6612B21A-1FF8-40DE-A65A-1AE5D1C98D14}"
EndProject
Project("{9A19103F-16F7-4668-BE54-9A1E7A4F7556}") = "PaymentService.Api", "src\Services\PaymentService\PaymentService.Api\PaymentService.Api.csproj", "{2CC911D8-0EA7-452D-8F07-9B9288B8014D}"
EndProject
Project("{2150E333-8FDC-42A3-9474-1A3956D46DE8}") = "tests", "tests", "{0D4E6997-81FB-49EC-9D46-B95BF35E9DDA}"
EndProject
Project("{2150E333-8FDC-42A3-9474-1A3956D46DE8}") = "BuildingBlocks", "BuildingBlocks", "{2C97A08C-7C08-407D-AAC5-FC6D013A00FA}"
EndProject
Project("{9A19103F-16F7-4668-BE54-9A1E7A4F7556}") = "EventBus.UnitTest", "tests\BuildingBlocks\EventBus.UnitTest\EventBus.UnitTest.csproj", "{6B3390DD-2409-44EA-9E63-A6ADA9456372}"
EndProject
Project("{2150E333-8FDC-42A3-9474-1A3956D46DE8}") = "Solution Items", "Solution Items", "{073BEA48-2828-4BC4-A6BB-67E3A8E39062}"
	ProjectSection(SolutionItems) = preProject
		Solution Items\ServiceUrls.txt = Solution Items\ServiceUrls.txt
	EndProjectSection
EndProject
Project("{2150E333-8FDC-42A3-9474-1A3956D46DE8}") = "Docker Files", "Docker Files", "{180D8C89-EFFE-4D73-9118-7E96E8150AE8}"
	ProjectSection(SolutionItems) = preProject
		Solution Items\Docker Files\gray_log_docker_compose.yml = Solution Items\Docker Files\gray_log_docker_compose.yml
	EndProjectSection
EndProject
Project("{E53339B2-1760-4266-BCC7-CA923CBCF16C}") = "docker-compose", "docker-compose.dcproj", "{732281C5-7A7B-48F0-A551-03754E6E9419}"
EndProject
Project("{FAE04EC0-301F-11D3-BF4B-00C04F79EFBC}") = "EventBus.Kafka", "src\BuildingBlocks\EventBus\EventBus.Kafka\EventBus.Kafka.csproj", "{B6435C5B-F69C-4E0A-85C4-BF68314954A7}"
EndProject
Global
	GlobalSection(SolutionConfigurationPlatforms) = preSolution
		Debug|Any CPU = Debug|Any CPU
		Release|Any CPU = Release|Any CPU
	EndGlobalSection
	GlobalSection(ProjectConfigurationPlatforms) = postSolution
		{905A2DDA-455A-4042-9E2D-AD51C2A01106}.Debug|Any CPU.ActiveCfg = Debug|Any CPU
		{905A2DDA-455A-4042-9E2D-AD51C2A01106}.Debug|Any CPU.Build.0 = Debug|Any CPU
		{905A2DDA-455A-4042-9E2D-AD51C2A01106}.Release|Any CPU.ActiveCfg = Release|Any CPU
		{905A2DDA-455A-4042-9E2D-AD51C2A01106}.Release|Any CPU.Build.0 = Release|Any CPU
		{6978DF98-CD64-4781-B7F6-C3F27ACF5C83}.Debug|Any CPU.ActiveCfg = Debug|Any CPU
		{6978DF98-CD64-4781-B7F6-C3F27ACF5C83}.Debug|Any CPU.Build.0 = Debug|Any CPU
		{6978DF98-CD64-4781-B7F6-C3F27ACF5C83}.Release|Any CPU.ActiveCfg = Release|Any CPU
		{6978DF98-CD64-4781-B7F6-C3F27ACF5C83}.Release|Any CPU.Build.0 = Release|Any CPU
		{CE8F3831-3019-4640-BAE9-ADD341929E69}.Debug|Any CPU.ActiveCfg = Debug|Any CPU
		{CE8F3831-3019-4640-BAE9-ADD341929E69}.Debug|Any CPU.Build.0 = Debug|Any CPU
		{CE8F3831-3019-4640-BAE9-ADD341929E69}.Release|Any CPU.ActiveCfg = Release|Any CPU
		{CE8F3831-3019-4640-BAE9-ADD341929E69}.Release|Any CPU.Build.0 = Release|Any CPU
		{2EC96405-6134-4569-8477-2F0686C2E3A1}.Debug|Any CPU.ActiveCfg = Debug|Any CPU
		{2EC96405-6134-4569-8477-2F0686C2E3A1}.Debug|Any CPU.Build.0 = Debug|Any CPU
		{2EC96405-6134-4569-8477-2F0686C2E3A1}.Release|Any CPU.ActiveCfg = Release|Any CPU
		{2EC96405-6134-4569-8477-2F0686C2E3A1}.Release|Any CPU.Build.0 = Release|Any CPU
		{953DECC4-2EC0-423A-84F8-04B54AEF14F3}.Debug|Any CPU.ActiveCfg = Debug|Any CPU
		{953DECC4-2EC0-423A-84F8-04B54AEF14F3}.Debug|Any CPU.Build.0 = Debug|Any CPU
		{953DECC4-2EC0-423A-84F8-04B54AEF14F3}.Release|Any CPU.ActiveCfg = Release|Any CPU
		{953DECC4-2EC0-423A-84F8-04B54AEF14F3}.Release|Any CPU.Build.0 = Release|Any CPU
		{3BA1728E-A870-47BB-A311-D3CDFC08BFB5}.Debug|Any CPU.ActiveCfg = Debug|Any CPU
		{3BA1728E-A870-47BB-A311-D3CDFC08BFB5}.Debug|Any CPU.Build.0 = Debug|Any CPU
		{3BA1728E-A870-47BB-A311-D3CDFC08BFB5}.Release|Any CPU.ActiveCfg = Release|Any CPU
		{3BA1728E-A870-47BB-A311-D3CDFC08BFB5}.Release|Any CPU.Build.0 = Release|Any CPU
		{FEAC2ADB-EBD2-4E86-9DF4-B30C1C691D76}.Debug|Any CPU.ActiveCfg = Debug|Any CPU
		{FEAC2ADB-EBD2-4E86-9DF4-B30C1C691D76}.Debug|Any CPU.Build.0 = Debug|Any CPU
		{FEAC2ADB-EBD2-4E86-9DF4-B30C1C691D76}.Release|Any CPU.ActiveCfg = Release|Any CPU
		{FEAC2ADB-EBD2-4E86-9DF4-B30C1C691D76}.Release|Any CPU.Build.0 = Release|Any CPU
		{0815FC4A-E996-45A4-94FA-A697FB67FF39}.Debug|Any CPU.ActiveCfg = Debug|Any CPU
		{0815FC4A-E996-45A4-94FA-A697FB67FF39}.Debug|Any CPU.Build.0 = Debug|Any CPU
		{0815FC4A-E996-45A4-94FA-A697FB67FF39}.Release|Any CPU.ActiveCfg = Release|Any CPU
		{0815FC4A-E996-45A4-94FA-A697FB67FF39}.Release|Any CPU.Build.0 = Release|Any CPU
		{863403FF-BBEE-48F8-9CBF-9882ADBDAF64}.Debug|Any CPU.ActiveCfg = Debug|Any CPU
		{863403FF-BBEE-48F8-9CBF-9882ADBDAF64}.Debug|Any CPU.Build.0 = Debug|Any CPU
		{863403FF-BBEE-48F8-9CBF-9882ADBDAF64}.Release|Any CPU.ActiveCfg = Release|Any CPU
		{863403FF-BBEE-48F8-9CBF-9882ADBDAF64}.Release|Any CPU.Build.0 = Release|Any CPU
		{EA2648E9-55BD-4509-9657-1FA3603CC90D}.Debug|Any CPU.ActiveCfg = Debug|Any CPU
		{EA2648E9-55BD-4509-9657-1FA3603CC90D}.Debug|Any CPU.Build.0 = Debug|Any CPU
		{EA2648E9-55BD-4509-9657-1FA3603CC90D}.Release|Any CPU.ActiveCfg = Release|Any CPU
		{EA2648E9-55BD-4509-9657-1FA3603CC90D}.Release|Any CPU.Build.0 = Release|Any CPU
		{9DC7BE66-3DF5-4829-B40B-7E6851CC3BDF}.Debug|Any CPU.ActiveCfg = Debug|Any CPU
		{9DC7BE66-3DF5-4829-B40B-7E6851CC3BDF}.Debug|Any CPU.Build.0 = Debug|Any CPU
		{9DC7BE66-3DF5-4829-B40B-7E6851CC3BDF}.Release|Any CPU.ActiveCfg = Release|Any CPU
		{9DC7BE66-3DF5-4829-B40B-7E6851CC3BDF}.Release|Any CPU.Build.0 = Release|Any CPU
		{F45CE497-6EBD-41B7-BB02-271F7B420BC9}.Debug|Any CPU.ActiveCfg = Debug|Any CPU
		{F45CE497-6EBD-41B7-BB02-271F7B420BC9}.Debug|Any CPU.Build.0 = Debug|Any CPU
		{F45CE497-6EBD-41B7-BB02-271F7B420BC9}.Release|Any CPU.ActiveCfg = Release|Any CPU
		{F45CE497-6EBD-41B7-BB02-271F7B420BC9}.Release|Any CPU.Build.0 = Release|Any CPU
		{CB67F3FE-91CC-461C-9D71-77052D6FF294}.Debug|Any CPU.ActiveCfg = Debug|Any CPU
		{CB67F3FE-91CC-461C-9D71-77052D6FF294}.Debug|Any CPU.Build.0 = Debug|Any CPU
		{CB67F3FE-91CC-461C-9D71-77052D6FF294}.Release|Any CPU.ActiveCfg = Release|Any CPU
		{CB67F3FE-91CC-461C-9D71-77052D6FF294}.Release|Any CPU.Build.0 = Release|Any CPU
		{08281A28-3E0B-4B25-BB77-250057FC79EC}.Debug|Any CPU.ActiveCfg = Debug|Any CPU
		{08281A28-3E0B-4B25-BB77-250057FC79EC}.Debug|Any CPU.Build.0 = Debug|Any CPU
		{08281A28-3E0B-4B25-BB77-250057FC79EC}.Release|Any CPU.ActiveCfg = Release|Any CPU
		{08281A28-3E0B-4B25-BB77-250057FC79EC}.Release|Any CPU.Build.0 = Release|Any CPU
		{2CC911D8-0EA7-452D-8F07-9B9288B8014D}.Debug|Any CPU.ActiveCfg = Debug|Any CPU
		{2CC911D8-0EA7-452D-8F07-9B9288B8014D}.Debug|Any CPU.Build.0 = Debug|Any CPU
		{2CC911D8-0EA7-452D-8F07-9B9288B8014D}.Release|Any CPU.ActiveCfg = Release|Any CPU
		{2CC911D8-0EA7-452D-8F07-9B9288B8014D}.Release|Any CPU.Build.0 = Release|Any CPU
		{6B3390DD-2409-44EA-9E63-A6ADA9456372}.Debug|Any CPU.ActiveCfg = Debug|Any CPU
		{6B3390DD-2409-44EA-9E63-A6ADA9456372}.Debug|Any CPU.Build.0 = Debug|Any CPU
		{6B3390DD-2409-44EA-9E63-A6ADA9456372}.Release|Any CPU.ActiveCfg = Release|Any CPU
		{6B3390DD-2409-44EA-9E63-A6ADA9456372}.Release|Any CPU.Build.0 = Release|Any CPU
		{732281C5-7A7B-48F0-A551-03754E6E9419}.Debug|Any CPU.ActiveCfg = Debug|Any CPU
		{732281C5-7A7B-48F0-A551-03754E6E9419}.Debug|Any CPU.Build.0 = Debug|Any CPU
		{732281C5-7A7B-48F0-A551-03754E6E9419}.Release|Any CPU.ActiveCfg = Release|Any CPU
		{732281C5-7A7B-48F0-A551-03754E6E9419}.Release|Any CPU.Build.0 = Release|Any CPU
		{B6435C5B-F69C-4E0A-85C4-BF68314954A7}.Debug|Any CPU.ActiveCfg = Debug|Any CPU
		{B6435C5B-F69C-4E0A-85C4-BF68314954A7}.Debug|Any CPU.Build.0 = Debug|Any CPU
		{B6435C5B-F69C-4E0A-85C4-BF68314954A7}.Release|Any CPU.ActiveCfg = Release|Any CPU
		{B6435C5B-F69C-4E0A-85C4-BF68314954A7}.Release|Any CPU.Build.0 = Release|Any CPU
	EndGlobalSection
	GlobalSection(SolutionProperties) = preSolution
		HideSolutionNode = FALSE
	EndGlobalSection
	GlobalSection(NestedProjects) = preSolution
		{35D81127-B0B8-402F-8FF2-74C699B5A55E} = {817A5218-08B3-4BBC-8423-3BC143C0D9C1}
		{476435E6-C3B5-49A9-BD20-869E8478DA1F} = {817A5218-08B3-4BBC-8423-3BC143C0D9C1}
		{4BC9B20E-7AD8-49D9-BB6D-8613263026F6} = {817A5218-08B3-4BBC-8423-3BC143C0D9C1}
		{C105DB00-D401-4D4B-A923-ECAD086DE9F5} = {817A5218-08B3-4BBC-8423-3BC143C0D9C1}
		{672B2413-9B7F-4937-9784-064B3082DF35} = {C105DB00-D401-4D4B-A923-ECAD086DE9F5}
		{0B133655-B24C-432E-B1F7-F13E9598D8B5} = {35D81127-B0B8-402F-8FF2-74C699B5A55E}
		{905A2DDA-455A-4042-9E2D-AD51C2A01106} = {0B133655-B24C-432E-B1F7-F13E9598D8B5}
		{FA9990D8-C79A-482F-B14F-EAB014EE7A7E} = {476435E6-C3B5-49A9-BD20-869E8478DA1F}
		{6978DF98-CD64-4781-B7F6-C3F27ACF5C83} = {FA9990D8-C79A-482F-B14F-EAB014EE7A7E}
		{CE8F3831-3019-4640-BAE9-ADD341929E69} = {FA9990D8-C79A-482F-B14F-EAB014EE7A7E}
		{2EC96405-6134-4569-8477-2F0686C2E3A1} = {FA9990D8-C79A-482F-B14F-EAB014EE7A7E}
		{953DECC4-2EC0-423A-84F8-04B54AEF14F3} = {FA9990D8-C79A-482F-B14F-EAB014EE7A7E}
		{3BA1728E-A870-47BB-A311-D3CDFC08BFB5} = {672B2413-9B7F-4937-9784-064B3082DF35}
		{ECE0B81D-0BAC-484D-B6F9-982638B82634} = {4BC9B20E-7AD8-49D9-BB6D-8613263026F6}
		{FEAC2ADB-EBD2-4E86-9DF4-B30C1C691D76} = {ECE0B81D-0BAC-484D-B6F9-982638B82634}
		{3C7A1397-C0F3-40CB-95DB-52FC11B018E1} = {4BC9B20E-7AD8-49D9-BB6D-8613263026F6}
		{0815FC4A-E996-45A4-94FA-A697FB67FF39} = {3C7A1397-C0F3-40CB-95DB-52FC11B018E1}
		{6670A16B-77E8-486B-AF9B-154E17876F91} = {4BC9B20E-7AD8-49D9-BB6D-8613263026F6}
		{863403FF-BBEE-48F8-9CBF-9882ADBDAF64} = {6670A16B-77E8-486B-AF9B-154E17876F91}
		{96B8EF07-E249-4D22-925F-749C4A21FBD6} = {4BC9B20E-7AD8-49D9-BB6D-8613263026F6}
		{EA2648E9-55BD-4509-9657-1FA3603CC90D} = {96B8EF07-E249-4D22-925F-749C4A21FBD6}
		{B45EFD8F-2088-4BB2-96F5-DED7F9E0B938} = {4BC9B20E-7AD8-49D9-BB6D-8613263026F6}
		{9DC7BE66-3DF5-4829-B40B-7E6851CC3BDF} = {B45EFD8F-2088-4BB2-96F5-DED7F9E0B938}
		{F45CE497-6EBD-41B7-BB02-271F7B420BC9} = {B45EFD8F-2088-4BB2-96F5-DED7F9E0B938}
		{CB67F3FE-91CC-461C-9D71-77052D6FF294} = {B45EFD8F-2088-4BB2-96F5-DED7F9E0B938}
		{08281A28-3E0B-4B25-BB77-250057FC79EC} = {B45EFD8F-2088-4BB2-96F5-DED7F9E0B938}
		{6612B21A-1FF8-40DE-A65A-1AE5D1C98D14} = {4BC9B20E-7AD8-49D9-BB6D-8613263026F6}
		{2CC911D8-0EA7-452D-8F07-9B9288B8014D} = {6612B21A-1FF8-40DE-A65A-1AE5D1C98D14}
		{2C97A08C-7C08-407D-AAC5-FC6D013A00FA} = {0D4E6997-81FB-49EC-9D46-B95BF35E9DDA}
		{6B3390DD-2409-44EA-9E63-A6ADA9456372} = {2C97A08C-7C08-407D-AAC5-FC6D013A00FA}
		{180D8C89-EFFE-4D73-9118-7E96E8150AE8} = {073BEA48-2828-4BC4-A6BB-67E3A8E39062}
		{B6435C5B-F69C-4E0A-85C4-BF68314954A7} = {FA9990D8-C79A-482F-B14F-EAB014EE7A7E}
	EndGlobalSection
	GlobalSection(ExtensibilityGlobals) = postSolution
		SolutionGuid = {33ECCAE7-24D2-4055-8567-AA2CB4CB7ED8}
	EndGlobalSection
EndGlobal
